// !$*UTF8*$!
{
	archiveVersion = 1;
	classes = {
	};
	objectVersion = 55;
	objects = {

/* Begin PBXBuildFile section */
		FC0101FC28D0C5DB007B76DD /* UIView+Ext.swift in Sources */ = {isa = PBXBuildFile; fileRef = FC0101FB28D0C5DB007B76DD /* UIView+Ext.swift */; };
		FC0101FE28D112A2007B76DD /* GenresCell.swift in Sources */ = {isa = PBXBuildFile; fileRef = FC0101FD28D112A2007B76DD /* GenresCell.swift */; };
		FC01020228D11E4D007B76DD /* GenresImage.swift in Sources */ = {isa = PBXBuildFile; fileRef = FC01020128D11E4D007B76DD /* GenresImage.swift */; };
		FC0630CB28E3A512006694B0 /* ArtistsCell.swift in Sources */ = {isa = PBXBuildFile; fileRef = FC0630CA28E3A512006694B0 /* ArtistsCell.swift */; };
		FC38A52728C40A97009C4159 /* Label.swift in Sources */ = {isa = PBXBuildFile; fileRef = FC38A52628C40A97009C4159 /* Label.swift */; };
		FC4E9B8F28FF4DAF002AC7B2 /* SearchController.swift in Sources */ = {isa = PBXBuildFile; fileRef = FC4E9B8E28FF4DAF002AC7B2 /* SearchController.swift */; };
		FC4E9B912900183C002AC7B2 /* CacheManager.swift in Sources */ = {isa = PBXBuildFile; fileRef = FC4E9B902900183C002AC7B2 /* CacheManager.swift */; };
		FC4E9B9329013D11002AC7B2 /* ArtistDetailsCell.swift in Sources */ = {isa = PBXBuildFile; fileRef = FC4E9B9229013D11002AC7B2 /* ArtistDetailsCell.swift */; };
		FC4E9B9529013D27002AC7B2 /* ArtistDetailsCompositionalViewController.swift in Sources */ = {isa = PBXBuildFile; fileRef = FC4E9B9429013D27002AC7B2 /* ArtistDetailsCompositionalViewController.swift */; };
		FC76C82628D2679F0035F030 /* GenresModel.swift in Sources */ = {isa = PBXBuildFile; fileRef = FC76C82528D2679F0035F030 /* GenresModel.swift */; };
		FCA0B7D528BD3803001D37B6 /* GenresViewController.swift in Sources */ = {isa = PBXBuildFile; fileRef = FCA0B7D428BD3803001D37B6 /* GenresViewController.swift */; };
		FCA0B7D728BE5A20001D37B6 /* GenresImagesData.swift in Sources */ = {isa = PBXBuildFile; fileRef = FCA0B7D628BE5A20001D37B6 /* GenresImagesData.swift */; };
		FCA0B7D928BE5C44001D37B6 /* TabBarViewController.swift in Sources */ = {isa = PBXBuildFile; fileRef = FCA0B7D828BE5C44001D37B6 /* TabBarViewController.swift */; };
		FCA0B7DB28BE5D5E001D37B6 /* DiscoverViewController.swift in Sources */ = {isa = PBXBuildFile; fileRef = FCA0B7DA28BE5D5E001D37B6 /* DiscoverViewController.swift */; };
		FCA0B7DD28BE5D93001D37B6 /* ArtistViewController.swift in Sources */ = {isa = PBXBuildFile; fileRef = FCA0B7DC28BE5D93001D37B6 /* ArtistViewController.swift */; };
		FCA37B53291C55BD00543E0B /* DiscoverCell.swift in Sources */ = {isa = PBXBuildFile; fileRef = FCA37B52291C55BD00543E0B /* DiscoverCell.swift */; };
		FCA37B55291EFA9C00543E0B /* DiscoverTableCell.swift in Sources */ = {isa = PBXBuildFile; fileRef = FCA37B54291EFA9C00543E0B /* DiscoverTableCell.swift */; };
		FCA37B58291EFFF100543E0B /* DiscoverModel.swift in Sources */ = {isa = PBXBuildFile; fileRef = FCA37B57291EFFF100543E0B /* DiscoverModel.swift */; };
		FCAB825428B6A05D00A6D1FA /* AppDelegate.swift in Sources */ = {isa = PBXBuildFile; fileRef = FCAB825328B6A05D00A6D1FA /* AppDelegate.swift */; };
		FCAB825628B6A05D00A6D1FA /* SceneDelegate.swift in Sources */ = {isa = PBXBuildFile; fileRef = FCAB825528B6A05D00A6D1FA /* SceneDelegate.swift */; };
		FCAB825828B6A05D00A6D1FA /* ViewController.swift in Sources */ = {isa = PBXBuildFile; fileRef = FCAB825728B6A05D00A6D1FA /* ViewController.swift */; };
		FCAB825B28B6A05D00A6D1FA /* Main.storyboard in Resources */ = {isa = PBXBuildFile; fileRef = FCAB825928B6A05D00A6D1FA /* Main.storyboard */; };
		FCAB825D28B6A05E00A6D1FA /* Assets.xcassets in Resources */ = {isa = PBXBuildFile; fileRef = FCAB825C28B6A05E00A6D1FA /* Assets.xcassets */; };
		FCAB826028B6A05E00A6D1FA /* LaunchScreen.storyboard in Resources */ = {isa = PBXBuildFile; fileRef = FCAB825E28B6A05E00A6D1FA /* LaunchScreen.storyboard */; };
		FCBD5B7828D9008B0086A7B0 /* NetworkManager.swift in Sources */ = {isa = PBXBuildFile; fileRef = FCBD5B7728D9008B0086A7B0 /* NetworkManager.swift */; };
		FCCE8B2E28E4C70900C4A3E1 /* ArtistsModel.swift in Sources */ = {isa = PBXBuildFile; fileRef = FCCE8B2D28E4C70900C4A3E1 /* ArtistsModel.swift */; };
		FCD51D7428B8197900A40618 /* PageSwipeController.swift in Sources */ = {isa = PBXBuildFile; fileRef = FCD51D7328B8197900A40618 /* PageSwipeController.swift */; };
		FCD51D7628B821DD00A40618 /* PageCell.swift in Sources */ = {isa = PBXBuildFile; fileRef = FCD51D7528B821DD00A40618 /* PageCell.swift */; };
		FCF27EDD290EA635003ACC75 /* ArtistDetailViewController.swift in Sources */ = {isa = PBXBuildFile; fileRef = FCF27EDC290EA635003ACC75 /* ArtistDetailViewController.swift */; };
/* End PBXBuildFile section */

/* Begin PBXFileReference section */
		FC0101FB28D0C5DB007B76DD /* UIView+Ext.swift */ = {isa = PBXFileReference; lastKnownFileType = sourcecode.swift; path = "UIView+Ext.swift"; sourceTree = "<group>"; };
		FC0101FD28D112A2007B76DD /* GenresCell.swift */ = {isa = PBXFileReference; lastKnownFileType = sourcecode.swift; path = GenresCell.swift; sourceTree = "<group>"; };
		FC01020128D11E4D007B76DD /* GenresImage.swift */ = {isa = PBXFileReference; lastKnownFileType = sourcecode.swift; path = GenresImage.swift; sourceTree = "<group>"; };
		FC0630CA28E3A512006694B0 /* ArtistsCell.swift */ = {isa = PBXFileReference; lastKnownFileType = sourcecode.swift; path = ArtistsCell.swift; sourceTree = "<group>"; };
		FC38A52628C40A97009C4159 /* Label.swift */ = {isa = PBXFileReference; lastKnownFileType = sourcecode.swift; path = Label.swift; sourceTree = "<group>"; };
		FC4E9B8E28FF4DAF002AC7B2 /* SearchController.swift */ = {isa = PBXFileReference; lastKnownFileType = sourcecode.swift; path = SearchController.swift; sourceTree = "<group>"; };
		FC4E9B902900183C002AC7B2 /* CacheManager.swift */ = {isa = PBXFileReference; lastKnownFileType = sourcecode.swift; path = CacheManager.swift; sourceTree = "<group>"; };
		FC4E9B9229013D11002AC7B2 /* ArtistDetailsCell.swift */ = {isa = PBXFileReference; lastKnownFileType = sourcecode.swift; path = ArtistDetailsCell.swift; sourceTree = "<group>"; };
		FC4E9B9429013D27002AC7B2 /* ArtistDetailsCompositionalViewController.swift */ = {isa = PBXFileReference; lastKnownFileType = sourcecode.swift; path = ArtistDetailsCompositionalViewController.swift; sourceTree = "<group>"; };
		FC76C82528D2679F0035F030 /* GenresModel.swift */ = {isa = PBXFileReference; lastKnownFileType = sourcecode.swift; path = GenresModel.swift; sourceTree = "<group>"; };
		FCA0B7D428BD3803001D37B6 /* GenresViewController.swift */ = {isa = PBXFileReference; lastKnownFileType = sourcecode.swift; path = GenresViewController.swift; sourceTree = "<group>"; };
		FCA0B7D628BE5A20001D37B6 /* GenresImagesData.swift */ = {isa = PBXFileReference; lastKnownFileType = sourcecode.swift; path = GenresImagesData.swift; sourceTree = "<group>"; };
		FCA0B7D828BE5C44001D37B6 /* TabBarViewController.swift */ = {isa = PBXFileReference; lastKnownFileType = sourcecode.swift; path = TabBarViewController.swift; sourceTree = "<group>"; };
		FCA0B7DA28BE5D5E001D37B6 /* DiscoverViewController.swift */ = {isa = PBXFileReference; lastKnownFileType = sourcecode.swift; path = DiscoverViewController.swift; sourceTree = "<group>"; };
		FCA0B7DC28BE5D93001D37B6 /* ArtistViewController.swift */ = {isa = PBXFileReference; lastKnownFileType = sourcecode.swift; path = ArtistViewController.swift; sourceTree = "<group>"; };
		FCA37B52291C55BD00543E0B /* DiscoverCell.swift */ = {isa = PBXFileReference; lastKnownFileType = sourcecode.swift; path = DiscoverCell.swift; sourceTree = "<group>"; };
		FCA37B54291EFA9C00543E0B /* DiscoverTableCell.swift */ = {isa = PBXFileReference; lastKnownFileType = sourcecode.swift; path = DiscoverTableCell.swift; sourceTree = "<group>"; };
		FCA37B57291EFFF100543E0B /* DiscoverModel.swift */ = {isa = PBXFileReference; lastKnownFileType = sourcecode.swift; path = DiscoverModel.swift; sourceTree = "<group>"; };
		FCAB825028B6A05D00A6D1FA /* MovieApp.app */ = {isa = PBXFileReference; explicitFileType = wrapper.application; includeInIndex = 0; path = MovieApp.app; sourceTree = BUILT_PRODUCTS_DIR; };
		FCAB825328B6A05D00A6D1FA /* AppDelegate.swift */ = {isa = PBXFileReference; lastKnownFileType = sourcecode.swift; path = AppDelegate.swift; sourceTree = "<group>"; };
		FCAB825528B6A05D00A6D1FA /* SceneDelegate.swift */ = {isa = PBXFileReference; lastKnownFileType = sourcecode.swift; path = SceneDelegate.swift; sourceTree = "<group>"; };
		FCAB825728B6A05D00A6D1FA /* ViewController.swift */ = {isa = PBXFileReference; lastKnownFileType = sourcecode.swift; path = ViewController.swift; sourceTree = "<group>"; };
		FCAB825A28B6A05D00A6D1FA /* Base */ = {isa = PBXFileReference; lastKnownFileType = file.storyboard; name = Base; path = Base.lproj/Main.storyboard; sourceTree = "<group>"; };
		FCAB825C28B6A05E00A6D1FA /* Assets.xcassets */ = {isa = PBXFileReference; lastKnownFileType = folder.assetcatalog; path = Assets.xcassets; sourceTree = "<group>"; };
		FCAB825F28B6A05E00A6D1FA /* Base */ = {isa = PBXFileReference; lastKnownFileType = file.storyboard; name = Base; path = Base.lproj/LaunchScreen.storyboard; sourceTree = "<group>"; };
		FCAB826128B6A05E00A6D1FA /* Info.plist */ = {isa = PBXFileReference; lastKnownFileType = text.plist.xml; path = Info.plist; sourceTree = "<group>"; };
		FCBD5B7728D9008B0086A7B0 /* NetworkManager.swift */ = {isa = PBXFileReference; lastKnownFileType = sourcecode.swift; path = NetworkManager.swift; sourceTree = "<group>"; };
		FCCE8B2D28E4C70900C4A3E1 /* ArtistsModel.swift */ = {isa = PBXFileReference; lastKnownFileType = sourcecode.swift; path = ArtistsModel.swift; sourceTree = "<group>"; };
		FCD51D7328B8197900A40618 /* PageSwipeController.swift */ = {isa = PBXFileReference; lastKnownFileType = sourcecode.swift; path = PageSwipeController.swift; sourceTree = "<group>"; };
		FCD51D7528B821DD00A40618 /* PageCell.swift */ = {isa = PBXFileReference; lastKnownFileType = sourcecode.swift; path = PageCell.swift; sourceTree = "<group>"; };
		FCF27EDC290EA635003ACC75 /* ArtistDetailViewController.swift */ = {isa = PBXFileReference; lastKnownFileType = sourcecode.swift; path = ArtistDetailViewController.swift; sourceTree = "<group>"; };
/* End PBXFileReference section */

/* Begin PBXFrameworksBuildPhase section */
		FCAB824D28B6A05D00A6D1FA /* Frameworks */ = {
			isa = PBXFrameworksBuildPhase;
			buildActionMask = 2147483647;
			files = (
			);
			runOnlyForDeploymentPostprocessing = 0;
		};
/* End PBXFrameworksBuildPhase section */

/* Begin PBXGroup section */
		FCA37B56291EFDD800543E0B /* DiscoverModel */ = {
			isa = PBXGroup;
			children = (
				FCA37B57291EFFF100543E0B /* DiscoverModel.swift */,
			);
			path = DiscoverModel;
			sourceTree = "<group>";
		};
		FCAB824728B6A05D00A6D1FA = {
			isa = PBXGroup;
			children = (
				FCAB825228B6A05D00A6D1FA /* MovieApp */,
				FCAB825128B6A05D00A6D1FA /* Products */,
			);
			sourceTree = "<group>";
		};
		FCAB825128B6A05D00A6D1FA /* Products */ = {
			isa = PBXGroup;
			children = (
				FCAB825028B6A05D00A6D1FA /* MovieApp.app */,
			);
			name = Products;
			sourceTree = "<group>";
		};
		FCAB825228B6A05D00A6D1FA /* MovieApp */ = {
			isa = PBXGroup;
			children = (
				FCBD5B7D28DA57250086A7B0 /* Extension */,
				FCBD5B7C28DA569D0086A7B0 /* Controller */,
				FCBD5B7B28DA55E50086A7B0 /* Views */,
				FCBD5B7A28DA55C40086A7B0 /* Manager */,
				FCBD5B7928DA55B50086A7B0 /* Model */,
				FCAB825328B6A05D00A6D1FA /* AppDelegate.swift */,
				FCAB825528B6A05D00A6D1FA /* SceneDelegate.swift */,
				FCAB825928B6A05D00A6D1FA /* Main.storyboard */,
				FCAB825C28B6A05E00A6D1FA /* Assets.xcassets */,
				FCAB825E28B6A05E00A6D1FA /* LaunchScreen.storyboard */,
				FCAB826128B6A05E00A6D1FA /* Info.plist */,
			);
			path = MovieApp;
			sourceTree = "<group>";
		};
		FCBD5B7928DA55B50086A7B0 /* Model */ = {
			isa = PBXGroup;
			children = (
				FCA37B56291EFDD800543E0B /* DiscoverModel */,
				FCCE8B2C28E4C6EA00C4A3E1 /* ArtistsModel */,
				FC38A52628C40A97009C4159 /* Label.swift */,
				FCBD5B7E28DA57420086A7B0 /* GenresModel */,
			);
			path = Model;
			sourceTree = "<group>";
		};
		FCBD5B7A28DA55C40086A7B0 /* Manager */ = {
			isa = PBXGroup;
			children = (
				FCBD5B7728D9008B0086A7B0 /* NetworkManager.swift */,
				FC4E9B902900183C002AC7B2 /* CacheManager.swift */,
			);
			path = Manager;
			sourceTree = "<group>";
		};
		FCBD5B7B28DA55E50086A7B0 /* Views */ = {
			isa = PBXGroup;
			children = (
				FCD51D7528B821DD00A40618 /* PageCell.swift */,
				FC0101FD28D112A2007B76DD /* GenresCell.swift */,
				FC0630CA28E3A512006694B0 /* ArtistsCell.swift */,
				FC4E9B9229013D11002AC7B2 /* ArtistDetailsCell.swift */,
				FCA37B52291C55BD00543E0B /* DiscoverCell.swift */,
				FCA37B54291EFA9C00543E0B /* DiscoverTableCell.swift */,
			);
			path = Views;
			sourceTree = "<group>";
		};
		FCBD5B7C28DA569D0086A7B0 /* Controller */ = {
			isa = PBXGroup;
			children = (
				FCD51D7328B8197900A40618 /* PageSwipeController.swift */,
				FCA0B7D828BE5C44001D37B6 /* TabBarViewController.swift */,
				FCAB825728B6A05D00A6D1FA /* ViewController.swift */,
				FCA0B7D428BD3803001D37B6 /* GenresViewController.swift */,
				FCA0B7DA28BE5D5E001D37B6 /* DiscoverViewController.swift */,
				FCA0B7DC28BE5D93001D37B6 /* ArtistViewController.swift */,
				FC4E9B8E28FF4DAF002AC7B2 /* SearchController.swift */,
				FC4E9B9429013D27002AC7B2 /* ArtistDetailsCompositionalViewController.swift */,
				FCF27EDC290EA635003ACC75 /* ArtistDetailViewController.swift */,
			);
			path = Controller;
			sourceTree = "<group>";
		};
		FCBD5B7D28DA57250086A7B0 /* Extension */ = {
			isa = PBXGroup;
			children = (
				FC0101FB28D0C5DB007B76DD /* UIView+Ext.swift */,
			);
			path = Extension;
			sourceTree = "<group>";
		};
		FCBD5B7E28DA57420086A7B0 /* GenresModel */ = {
			isa = PBXGroup;
			children = (
				FCA0B7D628BE5A20001D37B6 /* GenresImagesData.swift */,
				FC01020128D11E4D007B76DD /* GenresImage.swift */,
				FC76C82528D2679F0035F030 /* GenresModel.swift */,
			);
			path = GenresModel;
			sourceTree = "<group>";
		};
		FCCE8B2C28E4C6EA00C4A3E1 /* ArtistsModel */ = {
			isa = PBXGroup;
			children = (
				FCCE8B2D28E4C70900C4A3E1 /* ArtistsModel.swift */,
			);
			path = ArtistsModel;
			sourceTree = "<group>";
		};
/* End PBXGroup section */

/* Begin PBXNativeTarget section */
		FCAB824F28B6A05D00A6D1FA /* MovieApp */ = {
			isa = PBXNativeTarget;
			buildConfigurationList = FCAB826428B6A05E00A6D1FA /* Build configuration list for PBXNativeTarget "MovieApp" */;
			buildPhases = (
				FCAB824C28B6A05D00A6D1FA /* Sources */,
				FCAB824D28B6A05D00A6D1FA /* Frameworks */,
				FCAB824E28B6A05D00A6D1FA /* Resources */,
			);
			buildRules = (
			);
			dependencies = (
			);
			name = MovieApp;
			productName = MovieApp;
			productReference = FCAB825028B6A05D00A6D1FA /* MovieApp.app */;
			productType = "com.apple.product-type.application";
		};
/* End PBXNativeTarget section */

/* Begin PBXProject section */
		FCAB824828B6A05D00A6D1FA /* Project object */ = {
			isa = PBXProject;
			attributes = {
				BuildIndependentTargetsInParallel = 1;
				LastSwiftUpdateCheck = 1340;
				LastUpgradeCheck = 1340;
				TargetAttributes = {
					FCAB824F28B6A05D00A6D1FA = {
						CreatedOnToolsVersion = 13.4.1;
					};
				};
			};
			buildConfigurationList = FCAB824B28B6A05D00A6D1FA /* Build configuration list for PBXProject "MovieApp" */;
			compatibilityVersion = "Xcode 13.0";
			developmentRegion = en;
			hasScannedForEncodings = 0;
			knownRegions = (
				en,
				Base,
			);
			mainGroup = FCAB824728B6A05D00A6D1FA;
			productRefGroup = FCAB825128B6A05D00A6D1FA /* Products */;
			projectDirPath = "";
			projectRoot = "";
			targets = (
				FCAB824F28B6A05D00A6D1FA /* MovieApp */,
			);
		};
/* End PBXProject section */

/* Begin PBXResourcesBuildPhase section */
		FCAB824E28B6A05D00A6D1FA /* Resources */ = {
			isa = PBXResourcesBuildPhase;
			buildActionMask = 2147483647;
			files = (
				FCAB826028B6A05E00A6D1FA /* LaunchScreen.storyboard in Resources */,
				FCAB825D28B6A05E00A6D1FA /* Assets.xcassets in Resources */,
				FCAB825B28B6A05D00A6D1FA /* Main.storyboard in Resources */,
			);
			runOnlyForDeploymentPostprocessing = 0;
		};
/* End PBXResourcesBuildPhase section */

/* Begin PBXSourcesBuildPhase section */
		FCAB824C28B6A05D00A6D1FA /* Sources */ = {
			isa = PBXSourcesBuildPhase;
			buildActionMask = 2147483647;
			files = (
				FC4E9B9529013D27002AC7B2 /* ArtistDetailsCompositionalViewController.swift in Sources */,
				FC4E9B912900183C002AC7B2 /* CacheManager.swift in Sources */,
				FC4E9B9329013D11002AC7B2 /* ArtistDetailsCell.swift in Sources */,
				FCA0B7DB28BE5D5E001D37B6 /* DiscoverViewController.swift in Sources */,
				FCA37B53291C55BD00543E0B /* DiscoverCell.swift in Sources */,
				FC38A52728C40A97009C4159 /* Label.swift in Sources */,
				FCA0B7D928BE5C44001D37B6 /* TabBarViewController.swift in Sources */,
				FCAB825828B6A05D00A6D1FA /* ViewController.swift in Sources */,
				FC4E9B8F28FF4DAF002AC7B2 /* SearchController.swift in Sources */,
				FCA37B55291EFA9C00543E0B /* DiscoverTableCell.swift in Sources */,
				FC0101FE28D112A2007B76DD /* GenresCell.swift in Sources */,
				FC76C82628D2679F0035F030 /* GenresModel.swift in Sources */,
				FCD51D7628B821DD00A40618 /* PageCell.swift in Sources */,
				FCCE8B2E28E4C70900C4A3E1 /* ArtistsModel.swift in Sources */,
				FCA37B58291EFFF100543E0B /* DiscoverModel.swift in Sources */,
				FCF27EDD290EA635003ACC75 /* ArtistDetailViewController.swift in Sources */,
				FCA0B7D728BE5A20001D37B6 /* GenresImagesData.swift in Sources */,
				FCD51D7428B8197900A40618 /* PageSwipeController.swift in Sources */,
				FCBD5B7828D9008B0086A7B0 /* NetworkManager.swift in Sources */,
				FC0630CB28E3A512006694B0 /* ArtistsCell.swift in Sources */,
				FCA0B7D528BD3803001D37B6 /* GenresViewController.swift in Sources */,
				FC01020228D11E4D007B76DD /* GenresImage.swift in Sources */,
				FC0101FC28D0C5DB007B76DD /* UIView+Ext.swift in Sources */,
				FCAB825428B6A05D00A6D1FA /* AppDelegate.swift in Sources */,
				FCAB825628B6A05D00A6D1FA /* SceneDelegate.swift in Sources */,
				FCA0B7DD28BE5D93001D37B6 /* ArtistViewController.swift in Sources */,
			);
			runOnlyForDeploymentPostprocessing = 0;
		};
/* End PBXSourcesBuildPhase section */

/* Begin PBXVariantGroup section */
		FCAB825928B6A05D00A6D1FA /* Main.storyboard */ = {
			isa = PBXVariantGroup;
			children = (
				FCAB825A28B6A05D00A6D1FA /* Base */,
			);
			name = Main.storyboard;
			sourceTree = "<group>";
		};
		FCAB825E28B6A05E00A6D1FA /* LaunchScreen.storyboard */ = {
			isa = PBXVariantGroup;
			children = (
				FCAB825F28B6A05E00A6D1FA /* Base */,
			);
			name = LaunchScreen.storyboard;
			sourceTree = "<group>";
		};
/* End PBXVariantGroup section */

/* Begin XCBuildConfiguration section */
		FCAB826228B6A05E00A6D1FA /* Debug */ = {
			isa = XCBuildConfiguration;
			buildSettings = {
				ALWAYS_SEARCH_USER_PATHS = NO;
				CLANG_ANALYZER_NONNULL = YES;
				CLANG_ANALYZER_NUMBER_OBJECT_CONVERSION = YES_AGGRESSIVE;
				CLANG_CXX_LANGUAGE_STANDARD = "gnu++17";
				CLANG_ENABLE_MODULES = YES;
				CLANG_ENABLE_OBJC_ARC = YES;
				CLANG_ENABLE_OBJC_WEAK = YES;
				CLANG_WARN_BLOCK_CAPTURE_AUTORELEASING = YES;
				CLANG_WARN_BOOL_CONVERSION = YES;
				CLANG_WARN_COMMA = YES;
				CLANG_WARN_CONSTANT_CONVERSION = YES;
				CLANG_WARN_DEPRECATED_OBJC_IMPLEMENTATIONS = YES;
				CLANG_WARN_DIRECT_OBJC_ISA_USAGE = YES_ERROR;
				CLANG_WARN_DOCUMENTATION_COMMENTS = YES;
				CLANG_WARN_EMPTY_BODY = YES;
				CLANG_WARN_ENUM_CONVERSION = YES;
				CLANG_WARN_INFINITE_RECURSION = YES;
				CLANG_WARN_INT_CONVERSION = YES;
				CLANG_WARN_NON_LITERAL_NULL_CONVERSION = YES;
				CLANG_WARN_OBJC_IMPLICIT_RETAIN_SELF = YES;
				CLANG_WARN_OBJC_LITERAL_CONVERSION = YES;
				CLANG_WARN_OBJC_ROOT_CLASS = YES_ERROR;
				CLANG_WARN_QUOTED_INCLUDE_IN_FRAMEWORK_HEADER = YES;
				CLANG_WARN_RANGE_LOOP_ANALYSIS = YES;
				CLANG_WARN_STRICT_PROTOTYPES = YES;
				CLANG_WARN_SUSPICIOUS_MOVE = YES;
				CLANG_WARN_UNGUARDED_AVAILABILITY = YES_AGGRESSIVE;
				CLANG_WARN_UNREACHABLE_CODE = YES;
				CLANG_WARN__DUPLICATE_METHOD_MATCH = YES;
				COPY_PHASE_STRIP = NO;
				DEBUG_INFORMATION_FORMAT = dwarf;
				ENABLE_STRICT_OBJC_MSGSEND = YES;
				ENABLE_TESTABILITY = YES;
				GCC_C_LANGUAGE_STANDARD = gnu11;
				GCC_DYNAMIC_NO_PIC = NO;
				GCC_NO_COMMON_BLOCKS = YES;
				GCC_OPTIMIZATION_LEVEL = 0;
				GCC_PREPROCESSOR_DEFINITIONS = (
					"DEBUG=1",
					"$(inherited)",
				);
				GCC_WARN_64_TO_32_BIT_CONVERSION = YES;
				GCC_WARN_ABOUT_RETURN_TYPE = YES_ERROR;
				GCC_WARN_UNDECLARED_SELECTOR = YES;
				GCC_WARN_UNINITIALIZED_AUTOS = YES_AGGRESSIVE;
				GCC_WARN_UNUSED_FUNCTION = YES;
				GCC_WARN_UNUSED_VARIABLE = YES;
				IPHONEOS_DEPLOYMENT_TARGET = 15.5;
				MTL_ENABLE_DEBUG_INFO = INCLUDE_SOURCE;
				MTL_FAST_MATH = YES;
				ONLY_ACTIVE_ARCH = YES;
				SDKROOT = iphoneos;
				SWIFT_ACTIVE_COMPILATION_CONDITIONS = DEBUG;
				SWIFT_OPTIMIZATION_LEVEL = "-Onone";
			};
			name = Debug;
		};
		FCAB826328B6A05E00A6D1FA /* Release */ = {
			isa = XCBuildConfiguration;
			buildSettings = {
				ALWAYS_SEARCH_USER_PATHS = NO;
				CLANG_ANALYZER_NONNULL = YES;
				CLANG_ANALYZER_NUMBER_OBJECT_CONVERSION = YES_AGGRESSIVE;
				CLANG_CXX_LANGUAGE_STANDARD = "gnu++17";
				CLANG_ENABLE_MODULES = YES;
				CLANG_ENABLE_OBJC_ARC = YES;
				CLANG_ENABLE_OBJC_WEAK = YES;
				CLANG_WARN_BLOCK_CAPTURE_AUTORELEASING = YES;
				CLANG_WARN_BOOL_CONVERSION = YES;
				CLANG_WARN_COMMA = YES;
				CLANG_WARN_CONSTANT_CONVERSION = YES;
				CLANG_WARN_DEPRECATED_OBJC_IMPLEMENTATIONS = YES;
				CLANG_WARN_DIRECT_OBJC_ISA_USAGE = YES_ERROR;
				CLANG_WARN_DOCUMENTATION_COMMENTS = YES;
				CLANG_WARN_EMPTY_BODY = YES;
				CLANG_WARN_ENUM_CONVERSION = YES;
				CLANG_WARN_INFINITE_RECURSION = YES;
				CLANG_WARN_INT_CONVERSION = YES;
				CLANG_WARN_NON_LITERAL_NULL_CONVERSION = YES;
				CLANG_WARN_OBJC_IMPLICIT_RETAIN_SELF = YES;
				CLANG_WARN_OBJC_LITERAL_CONVERSION = YES;
				CLANG_WARN_OBJC_ROOT_CLASS = YES_ERROR;
				CLANG_WARN_QUOTED_INCLUDE_IN_FRAMEWORK_HEADER = YES;
				CLANG_WARN_RANGE_LOOP_ANALYSIS = YES;
				CLANG_WARN_STRICT_PROTOTYPES = YES;
				CLANG_WARN_SUSPICIOUS_MOVE = YES;
				CLANG_WARN_UNGUARDED_AVAILABILITY = YES_AGGRESSIVE;
				CLANG_WARN_UNREACHABLE_CODE = YES;
				CLANG_WARN__DUPLICATE_METHOD_MATCH = YES;
				COPY_PHASE_STRIP = NO;
				DEBUG_INFORMATION_FORMAT = "dwarf-with-dsym";
				ENABLE_NS_ASSERTIONS = NO;
				ENABLE_STRICT_OBJC_MSGSEND = YES;
				GCC_C_LANGUAGE_STANDARD = gnu11;
				GCC_NO_COMMON_BLOCKS = YES;
				GCC_WARN_64_TO_32_BIT_CONVERSION = YES;
				GCC_WARN_ABOUT_RETURN_TYPE = YES_ERROR;
				GCC_WARN_UNDECLARED_SELECTOR = YES;
				GCC_WARN_UNINITIALIZED_AUTOS = YES_AGGRESSIVE;
				GCC_WARN_UNUSED_FUNCTION = YES;
				GCC_WARN_UNUSED_VARIABLE = YES;
				IPHONEOS_DEPLOYMENT_TARGET = 15.5;
				MTL_ENABLE_DEBUG_INFO = NO;
				MTL_FAST_MATH = YES;
				SDKROOT = iphoneos;
				SWIFT_COMPILATION_MODE = wholemodule;
				SWIFT_OPTIMIZATION_LEVEL = "-O";
				VALIDATE_PRODUCT = YES;
			};
			name = Release;
		};
		FCAB826528B6A05E00A6D1FA /* Debug */ = {
			isa = XCBuildConfiguration;
			buildSettings = {
				ASSETCATALOG_COMPILER_APPICON_NAME = AppIcon;
				ASSETCATALOG_COMPILER_GLOBAL_ACCENT_COLOR_NAME = AccentColor;
				CODE_SIGN_STYLE = Automatic;
				CURRENT_PROJECT_VERSION = 1;
				DEVELOPMENT_TEAM = GQ9G828ZA2;
				GENERATE_INFOPLIST_FILE = YES;
				INFOPLIST_FILE = MovieApp/Info.plist;
				INFOPLIST_KEY_UIApplicationSupportsIndirectInputEvents = YES;
				INFOPLIST_KEY_UILaunchStoryboardName = LaunchScreen;
				INFOPLIST_KEY_UIMainStoryboardFile = Main;
				INFOPLIST_KEY_UISupportedInterfaceOrientations_iPad = "UIInterfaceOrientationPortrait UIInterfaceOrientationPortraitUpsideDown UIInterfaceOrientationLandscapeLeft UIInterfaceOrientationLandscapeRight";
				INFOPLIST_KEY_UISupportedInterfaceOrientations_iPhone = "UIInterfaceOrientationPortrait UIInterfaceOrientationLandscapeLeft UIInterfaceOrientationLandscapeRight";
				LD_RUNPATH_SEARCH_PATHS = (
					"$(inherited)",
					"@executable_path/Frameworks",
				);
				MARKETING_VERSION = 1.0;
				PRODUCT_BUNDLE_IDENTIFIER = com.elifilaykandemir.MovieApp;
				PRODUCT_NAME = "$(TARGET_NAME)";
				SWIFT_EMIT_LOC_STRINGS = YES;
				SWIFT_VERSION = 5.0;
				TARGETED_DEVICE_FAMILY = "1,2";
			};
			name = Debug;
		};
		FCAB826628B6A05E00A6D1FA /* Release */ = {
			isa = XCBuildConfiguration;
			buildSettings = {
				ASSETCATALOG_COMPILER_APPICON_NAME = AppIcon;
				ASSETCATALOG_COMPILER_GLOBAL_ACCENT_COLOR_NAME = AccentColor;
				CODE_SIGN_STYLE = Automatic;
				CURRENT_PROJECT_VERSION = 1;
				DEVELOPMENT_TEAM = GQ9G828ZA2;
				GENERATE_INFOPLIST_FILE = YES;
				INFOPLIST_FILE = MovieApp/Info.plist;
				INFOPLIST_KEY_UIApplicationSupportsIndirectInputEvents = YES;
				INFOPLIST_KEY_UILaunchStoryboardName = LaunchScreen;
				INFOPLIST_KEY_UIMainStoryboardFile = Main;
				INFOPLIST_KEY_UISupportedInterfaceOrientations_iPad = "UIInterfaceOrientationPortrait UIInterfaceOrientationPortraitUpsideDown UIInterfaceOrientationLandscapeLeft UIInterfaceOrientationLandscapeRight";
				INFOPLIST_KEY_UISupportedInterfaceOrientations_iPhone = "UIInterfaceOrientationPortrait UIInterfaceOrientationLandscapeLeft UIInterfaceOrientationLandscapeRight";
				LD_RUNPATH_SEARCH_PATHS = (
					"$(inherited)",
					"@executable_path/Frameworks",
				);
				MARKETING_VERSION = 1.0;
				PRODUCT_BUNDLE_IDENTIFIER = com.elifilaykandemir.MovieApp;
				PRODUCT_NAME = "$(TARGET_NAME)";
				SWIFT_EMIT_LOC_STRINGS = YES;
				SWIFT_VERSION = 5.0;
				TARGETED_DEVICE_FAMILY = "1,2";
			};
			name = Release;
		};
/* End XCBuildConfiguration section */

/* Begin XCConfigurationList section */
		FCAB824B28B6A05D00A6D1FA /* Build configuration list for PBXProject "MovieApp" */ = {
			isa = XCConfigurationList;
			buildConfigurations = (
				FCAB826228B6A05E00A6D1FA /* Debug */,
				FCAB826328B6A05E00A6D1FA /* Release */,
			);
			defaultConfigurationIsVisible = 0;
			defaultConfigurationName = Release;
		};
		FCAB826428B6A05E00A6D1FA /* Build configuration list for PBXNativeTarget "MovieApp" */ = {
			isa = XCConfigurationList;
			buildConfigurations = (
				FCAB826528B6A05E00A6D1FA /* Debug */,
				FCAB826628B6A05E00A6D1FA /* Release */,
			);
			defaultConfigurationIsVisible = 0;
			defaultConfigurationName = Release;
		};
/* End XCConfigurationList section */
	};
	rootObject = FCAB824828B6A05D00A6D1FA /* Project object */;
}
